
Microsoft Visual Studio Solution File, Format Version 12.00
# Visual Studio Version 17
VisualStudioVersion = 17.8.34511.84
MinimumVisualStudioVersion = 10.0.40219.1
Project("{9A19103F-16F7-4668-BE54-9A1E7A4F7556}") = "ApiContracts", "ApiContracts.csproj", "{089A1DD9-9467-4FC1-A73E-C54B11168717}"
EndProject
Project("{FAE04EC0-301F-11D3-BF4B-00C04F79EFBC}") = "ApiContracts.Tests", "..\ApiContracts.Tests\ApiContracts.Tests.csproj", "{90F6D91A-FEF8-4C86-9756-54C886C58ADE}"
EndProject
Global
	GlobalSection(SolutionConfigurationPlatforms) = preSolution
		Debug|Any CPU = Debug|Any CPU
		Release|Any CPU = Release|Any CPU
	EndGlobalSection
	GlobalSection(ProjectConfigurationPlatforms) = postSolution
		{089A1DD9-9467-4FC1-A73E-C54B11168717}.Debug|Any CPU.ActiveCfg = Debug|Any CPU
		{089A1DD9-9467-4FC1-A73E-C54B11168717}.Debug|Any CPU.Build.0 = Debug|Any CPU
		{089A1DD9-9467-4FC1-A73E-C54B11168717}.Release|Any CPU.ActiveCfg = Release|Any CPU
		{089A1DD9-9467-4FC1-A73E-C54B11168717}.Release|Any CPU.Build.0 = Release|Any CPU
		{90F6D91A-FEF8-4C86-9756-54C886C58ADE}.Debug|Any CPU.ActiveCfg = Debug|Any CPU
		{90F6D91A-FEF8-4C86-9756-54C886C58ADE}.Debug|Any CPU.Build.0 = Debug|Any CPU
		{90F6D91A-FEF8-4C86-9756-54C886C58ADE}.Release|Any CPU.ActiveCfg = Release|Any CPU
		{90F6D91A-FEF8-4C86-9756-54C886C58ADE}.Release|Any CPU.Build.0 = Release|Any CPU
	EndGlobalSection
	GlobalSection(SolutionProperties) = preSolution
		HideSolutionNode = FALSE
	EndGlobalSection
	GlobalSection(ExtensibilityGlobals) = postSolution
		SolutionGuid = {3015A51E-F756-4EFE-B4EB-B27059056E43}
	EndGlobalSection
EndGlobal
